
Microsoft Visual Studio Solution File, Format Version 12.00
# Visual Studio Version 16
VisualStudioVersion = 16.0.32510.428
MinimumVisualStudioVersion = 10.0.40219.1
Project("{9A19103F-16F7-4668-BE54-9A1E7A4F7556}") = "PizzaGrande", "PizzaGrande\PizzaGrande.csproj", "{D76C50E9-78A7-4AF0-9634-6EE2DC77D05F}"
EndProject
Global
	GlobalSection(SolutionConfigurationPlatforms) = preSolution
		Debug|Any CPU = Debug|Any CPU
		Release|Any CPU = Release|Any CPU
	EndGlobalSection
	GlobalSection(ProjectConfigurationPlatforms) = postSolution
		{D76C50E9-78A7-4AF0-9634-6EE2DC77D05F}.Debug|Any CPU.ActiveCfg = Debug|Any CPU
		{D76C50E9-78A7-4AF0-9634-6EE2DC77D05F}.Debug|Any CPU.Build.0 = Debug|Any CPU
		{D76C50E9-78A7-4AF0-9634-6EE2DC77D05F}.Release|Any CPU.ActiveCfg = Release|Any CPU
		{D76C50E9-78A7-4AF0-9634-6EE2DC77D05F}.Release|Any CPU.Build.0 = Release|Any CPU
	EndGlobalSection
	GlobalSection(SolutionProperties) = preSolution
		HideSolutionNode = FALSE
	EndGlobalSection
	GlobalSection(ExtensibilityGlobals) = postSolution
		SolutionGuid = {96827B0A-507D-4DEC-BE35-F5E3C38E2A5C}
	EndGlobalSection
EndGlobal
